
Microsoft Visual Studio Solution File, Format Version 12.00
# Visual Studio Version 17
VisualStudioVersion = 17.0.31919.166
MinimumVisualStudioVersion = 10.0.40219.1
Project("{FAE04EC0-301F-11D3-BF4B-00C04F79EFBC}") = "Pavlok", "src\Pavlok\Pavlok.csproj", "{3B0D238E-D643-436F-9AFF-3877E62C9FBC}"
EndProject
Project("{FAE04EC0-301F-11D3-BF4B-00C04F79EFBC}") = "Pavlok.Bridge", "src\Pavlok.Bridge\Pavlok.Bridge.csproj", "{15C5D025-21CC-485F-A6E1-0C4649A40513}"
EndProject
Global
	GlobalSection(SolutionConfigurationPlatforms) = preSolution
		Debug|Any CPU = Debug|Any CPU
		Release|Any CPU = Release|Any CPU
	EndGlobalSection
	GlobalSection(ProjectConfigurationPlatforms) = postSolution
		{3B0D238E-D643-436F-9AFF-3877E62C9FBC}.Debug|Any CPU.ActiveCfg = Debug|Any CPU
		{3B0D238E-D643-436F-9AFF-3877E62C9FBC}.Debug|Any CPU.Build.0 = Debug|Any CPU
		{3B0D238E-D643-436F-9AFF-3877E62C9FBC}.Release|Any CPU.ActiveCfg = Release|Any CPU
		{3B0D238E-D643-436F-9AFF-3877E62C9FBC}.Release|Any CPU.Build.0 = Release|Any CPU
		{15C5D025-21CC-485F-A6E1-0C4649A40513}.Debug|Any CPU.ActiveCfg = Debug|Any CPU
		{15C5D025-21CC-485F-A6E1-0C4649A40513}.Debug|Any CPU.Build.0 = Debug|Any CPU
		{15C5D025-21CC-485F-A6E1-0C4649A40513}.Release|Any CPU.ActiveCfg = Release|Any CPU
		{15C5D025-21CC-485F-A6E1-0C4649A40513}.Release|Any CPU.Build.0 = Release|Any CPU
	EndGlobalSection
	GlobalSection(SolutionProperties) = preSolution
		HideSolutionNode = FALSE
	EndGlobalSection
	GlobalSection(ExtensibilityGlobals) = postSolution
		SolutionGuid = {AA4B0800-3EBF-462D-8EC4-DCDA69487746}
	EndGlobalSection
EndGlobal
